
Microsoft Visual Studio Solution File, Format Version 11.00
# Visual Studio 2010
Project("{FAE04EC0-301F-11D3-BF4B-00C04F79EFBC}") = "Tip Of The Day", "Tip Of The Day\Tip Of The Day.csproj", "{536bcb95-7aba-4f16-98c5-69e9e636d52c}"
EndProject
Global
	GlobalSection(SolutionConfigurationPlatforms) = preSolution
		Debug|Any CPU = Debug|Any CPU
		Release|Any CPU = Release|Any CPU
	EndGlobalSection
	GlobalSection(ProjectConfigurationPlatforms) = postSolution
		{536BCB95-7ABA-4F16-98C5-69E9E636D52C}.Debug|Any CPU.ActiveCfg = Debug|Any CPU
		{536BCB95-7ABA-4F16-98C5-69E9E636D52C}.Debug|Any CPU.Build.0 = Debug|Any CPU
		{536BCB95-7ABA-4F16-98C5-69E9E636D52C}.Debug|Any CPU.Deploy.0 = Debug|Any CPU
		{536BCB95-7ABA-4F16-98C5-69E9E636D52C}.Release|Any CPU.ActiveCfg = Release|Any CPU
		{536BCB95-7ABA-4F16-98C5-69E9E636D52C}.Release|Any CPU.Build.0 = Release|Any CPU
		{536BCB95-7ABA-4F16-98C5-69E9E636D52C}.Release|Any CPU.Deploy.0 = Release|Any CPU
	EndGlobalSection
EndGlobal
